
Microsoft Visual Studio Solution File, Format Version 12.00
# Visual Studio Version 17
VisualStudioVersion = 17.10.35004.147
MinimumVisualStudioVersion = 10.0.40219.1
Project("{FAE04EC0-301F-11D3-BF4B-00C04F79EFBC}") = "FibonacciWithRecursion", "FibonacciWithRecursion\FibonacciWithRecursion.csproj", "{83874565-E95D-42AC-8D90-1DBBA86DDFF1}"
EndProject
Global
	GlobalSection(SolutionConfigurationPlatforms) = preSolution
		Debug|Any CPU = Debug|Any CPU
		Release|Any CPU = Release|Any CPU
	EndGlobalSection
	GlobalSection(ProjectConfigurationPlatforms) = postSolution
		{83874565-E95D-42AC-8D90-1DBBA86DDFF1}.Debug|Any CPU.ActiveCfg = Debug|Any CPU
		{83874565-E95D-42AC-8D90-1DBBA86DDFF1}.Debug|Any CPU.Build.0 = Debug|Any CPU
		{83874565-E95D-42AC-8D90-1DBBA86DDFF1}.Release|Any CPU.ActiveCfg = Release|Any CPU
		{83874565-E95D-42AC-8D90-1DBBA86DDFF1}.Release|Any CPU.Build.0 = Release|Any CPU
	EndGlobalSection
	GlobalSection(SolutionProperties) = preSolution
		HideSolutionNode = FALSE
	EndGlobalSection
	GlobalSection(ExtensibilityGlobals) = postSolution
		SolutionGuid = {5A04935B-F9DC-46E9-865A-D99A8F5175F9}
	EndGlobalSection
EndGlobal
