
Microsoft Visual Studio Solution File, Format Version 12.00
# Visual Studio Version 17
VisualStudioVersion = 17.5.33424.131
MinimumVisualStudioVersion = 10.0.40219.1
Project("{FAE04EC0-301F-11D3-BF4B-00C04F79EFBC}") = "LeetCode22.GenerateParantheses", "LeetCode22.GenerateParantheses\LeetCode22.GenerateParantheses.csproj", "{6D1FAE79-F46B-42FD-A13D-80FF6652BA81}"
EndProject
Global
	GlobalSection(SolutionConfigurationPlatforms) = preSolution
		Debug|Any CPU = Debug|Any CPU
		Release|Any CPU = Release|Any CPU
	EndGlobalSection
	GlobalSection(ProjectConfigurationPlatforms) = postSolution
		{6D1FAE79-F46B-42FD-A13D-80FF6652BA81}.Debug|Any CPU.ActiveCfg = Debug|Any CPU
		{6D1FAE79-F46B-42FD-A13D-80FF6652BA81}.Debug|Any CPU.Build.0 = Debug|Any CPU
		{6D1FAE79-F46B-42FD-A13D-80FF6652BA81}.Release|Any CPU.ActiveCfg = Release|Any CPU
		{6D1FAE79-F46B-42FD-A13D-80FF6652BA81}.Release|Any CPU.Build.0 = Release|Any CPU
	EndGlobalSection
	GlobalSection(SolutionProperties) = preSolution
		HideSolutionNode = FALSE
	EndGlobalSection
	GlobalSection(ExtensibilityGlobals) = postSolution
		SolutionGuid = {A44A3F50-DAE8-46DD-B5AB-33F834D10699}
	EndGlobalSection
EndGlobal
