
Microsoft Visual Studio Solution File, Format Version 12.00
# Visual Studio Version 17
VisualStudioVersion = 17.5.33424.131
MinimumVisualStudioVersion = 10.0.40219.1
Project("{FAE04EC0-301F-11D3-BF4B-00C04F79EFBC}") = "LeetCode509.FibonacciNumber", "LeetCode509.FibonacciNumber\LeetCode509.FibonacciNumber.csproj", "{0079505B-304B-427C-BB21-40B6975A86C3}"
EndProject
Global
	GlobalSection(SolutionConfigurationPlatforms) = preSolution
		Debug|Any CPU = Debug|Any CPU
		Release|Any CPU = Release|Any CPU
	EndGlobalSection
	GlobalSection(ProjectConfigurationPlatforms) = postSolution
		{0079505B-304B-427C-BB21-40B6975A86C3}.Debug|Any CPU.ActiveCfg = Debug|Any CPU
		{0079505B-304B-427C-BB21-40B6975A86C3}.Debug|Any CPU.Build.0 = Debug|Any CPU
		{0079505B-304B-427C-BB21-40B6975A86C3}.Release|Any CPU.ActiveCfg = Release|Any CPU
		{0079505B-304B-427C-BB21-40B6975A86C3}.Release|Any CPU.Build.0 = Release|Any CPU
	EndGlobalSection
	GlobalSection(SolutionProperties) = preSolution
		HideSolutionNode = FALSE
	EndGlobalSection
	GlobalSection(ExtensibilityGlobals) = postSolution
		SolutionGuid = {06DB73D1-CD76-42A5-9439-58F84562F17B}
	EndGlobalSection
EndGlobal
